
Microsoft Visual Studio Solution File, Format Version 12.00
# Visual Studio Version 16
VisualStudioVersion = 16.0.30204.135
MinimumVisualStudioVersion = 10.0.40219.1
Project("{FAE04EC0-301F-11D3-BF4B-00C04F79EFBC}") = "MusicStore", "Assignment5\MusicStore.csproj", "{F05D5838-54FE-4995-8B71-A0C539448924}"
EndProject
Global
	GlobalSection(SolutionConfigurationPlatforms) = preSolution
		Debug|Any CPU = Debug|Any CPU
		Release|Any CPU = Release|Any CPU
	EndGlobalSection
	GlobalSection(ProjectConfigurationPlatforms) = postSolution
		{F05D5838-54FE-4995-8B71-A0C539448924}.Debug|Any CPU.ActiveCfg = Debug|Any CPU
		{F05D5838-54FE-4995-8B71-A0C539448924}.Debug|Any CPU.Build.0 = Debug|Any CPU
		{F05D5838-54FE-4995-8B71-A0C539448924}.Release|Any CPU.ActiveCfg = Release|Any CPU
		{F05D5838-54FE-4995-8B71-A0C539448924}.Release|Any CPU.Build.0 = Release|Any CPU
	EndGlobalSection
	GlobalSection(SolutionProperties) = preSolution
		HideSolutionNode = FALSE
	EndGlobalSection
	GlobalSection(ExtensibilityGlobals) = postSolution
		SolutionGuid = {243061FD-0F4E-4CBA-B23B-5F2A45CA6207}
	EndGlobalSection
EndGlobal
